
Microsoft Visual Studio Solution File, Format Version 12.00
# Visual Studio 15
VisualStudioVersion = 15.0.28307.1169
MinimumVisualStudioVersion = 10.0.40219.1
Project("{FAE04EC0-301F-11D3-BF4B-00C04F79EFBC}") = "AddressSplitter", "AddressSplitter.csproj", "{9EC17C78-03E4-447C-A198-A8FA8766CB11}"
EndProject
Global
	GlobalSection(SolutionConfigurationPlatforms) = preSolution
		Debug|Any CPU = Debug|Any CPU
		Release|Any CPU = Release|Any CPU
	EndGlobalSection
	GlobalSection(ProjectConfigurationPlatforms) = postSolution
		{9EC17C78-03E4-447C-A198-A8FA8766CB11}.Debug|Any CPU.ActiveCfg = Debug|Any CPU
		{9EC17C78-03E4-447C-A198-A8FA8766CB11}.Debug|Any CPU.Build.0 = Debug|Any CPU
		{9EC17C78-03E4-447C-A198-A8FA8766CB11}.Release|Any CPU.ActiveCfg = Release|Any CPU
		{9EC17C78-03E4-447C-A198-A8FA8766CB11}.Release|Any CPU.Build.0 = Release|Any CPU
	EndGlobalSection
	GlobalSection(SolutionProperties) = preSolution
		HideSolutionNode = FALSE
	EndGlobalSection
	GlobalSection(ExtensibilityGlobals) = postSolution
		SolutionGuid = {CDD3F0F8-5669-4664-BACB-FB3C01865534}
	EndGlobalSection
EndGlobal
